
Microsoft Visual Studio Solution File, Format Version 12.00
Project("{FAE04EC0-301F-11D3-BF4B-00C04F79EFBC}") = "Project2", "Project2.csproj", "{2BDB6682-A943-4DE0-980F-FF89D391CAC1}"
EndProject
Global
	GlobalSection(SolutionConfigurationPlatforms) = preSolution
		Debug|Any CPU = Debug|Any CPU
		Release|Any CPU = Release|Any CPU
	EndGlobalSection
	GlobalSection(ProjectConfigurationPlatforms) = postSolution
		{2BDB6682-A943-4DE0-980F-FF89D391CAC1}.Debug|Any CPU.ActiveCfg = Debug|Any CPU
		{2BDB6682-A943-4DE0-980F-FF89D391CAC1}.Debug|Any CPU.Build.0 = Debug|Any CPU
		{2BDB6682-A943-4DE0-980F-FF89D391CAC1}.Release|Any CPU.ActiveCfg = Release|Any CPU
		{2BDB6682-A943-4DE0-980F-FF89D391CAC1}.Release|Any CPU.Build.0 = Release|Any CPU
	EndGlobalSection
EndGlobal
